{
  "name": "1a089ac50f181916",
  "lockfileVersion": 3,
  "requires": true,
  "packages": {
    "": {
      "dependencies": {
        "modern-web-guidance": "^0.0.169"
      }
    },
    "node_modules/modern-web-guidance": {
      "version": "0.0.169",
      "resolved": "https://registry.npmjs.org/modern-web-guidance/-/modern-web-guidance-0.0.169.tgz",
      "integrity": "sha512-grDxBu7SflBSyKMYlgKtp0eE276LQAUIr/4qVKgnZouvlA0VLpszigYpmFfl+URqYxqjLr0u4Er3KiHpIAs6RQ==",
      "license": "Apache-2.0",
      "bin": {
        "modern-web-guidance": "skills/modern-web-guidance/modern-web.mjs"
      },
      "engines": {
        "node": ">=20.0.0",
        "vscode": "^1.90.0"
      }
    }
  }
}
